// !$*UTF8*$!
{
	archiveVersion = 1;
	classes = {
	};
	objectVersion = 46;
	objects = {

/* Begin PBXBuildFile section */
		3B12B0391CD94F3B00B257F4 /* FileUtils.cpp in Sources */ = {isa = PBXBuildFile; fileRef = 3B12B0371CD94F3B00B257F4 /* FileUtils.cpp */; };
		3B313F491CD75703006AAC15 /* main.cpp in Sources */ = {isa = PBXBuildFile; fileRef = 3B313F481CD75703006AAC15 /* main.cpp */; };
		3B313F521CD75889006AAC15 /* libopencv_core.2.4.12.dylib in Frameworks */ = {isa = PBXBuildFile; fileRef = 3B313F501CD75889006AAC15 /* libopencv_core.2.4.12.dylib */; };
		3B313F531CD75889006AAC15 /* libopencv_highgui.2.4.12.dylib in Frameworks */ = {isa = PBXBuildFile; fileRef = 3B313F511CD75889006AAC15 /* libopencv_highgui.2.4.12.dylib */; };
		3B6BE2AC1CD7B47C00DCFC02 /* Dataset.cpp in Sources */ = {isa = PBXBuildFile; fileRef = 3B6BE2AA1CD7B47C00DCFC02 /* Dataset.cpp */; };
		3B6BE2AF1CD7B56D00DCFC02 /* ImageFeatures.cpp in Sources */ = {isa = PBXBuildFile; fileRef = 3B6BE2AD1CD7B56D00DCFC02 /* ImageFeatures.cpp */; };
/* End PBXBuildFile section */

/* Begin PBXCopyFilesBuildPhase section */
		3B313F431CD75703006AAC15 /* CopyFiles */ = {
			isa = PBXCopyFilesBuildPhase;
			buildActionMask = 2147483647;
			dstPath = /usr/share/man/man1/;
			dstSubfolderSpec = 0;
			files = (
			);
			runOnlyForDeploymentPostprocessing = 1;
		};
/* End PBXCopyFilesBuildPhase section */

/* Begin PBXFileReference section */
		3B12B0371CD94F3B00B257F4 /* FileUtils.cpp */ = {isa = PBXFileReference; fileEncoding = 4; lastKnownFileType = sourcecode.cpp.cpp; path = FileUtils.cpp; sourceTree = "<group>"; };
		3B12B0381CD94F3B00B257F4 /* FileUtils.hpp */ = {isa = PBXFileReference; fileEncoding = 4; lastKnownFileType = sourcecode.cpp.h; path = FileUtils.hpp; sourceTree = "<group>"; };
		3B313F451CD75703006AAC15 /* modularPD */ = {isa = PBXFileReference; explicitFileType = "compiled.mach-o.executable"; includeInIndex = 0; path = modularPD; sourceTree = BUILT_PRODUCTS_DIR; };
		3B313F481CD75703006AAC15 /* main.cpp */ = {isa = PBXFileReference; lastKnownFileType = sourcecode.cpp.cpp; path = main.cpp; sourceTree = "<group>"; };
		3B313F501CD75889006AAC15 /* libopencv_core.2.4.12.dylib */ = {isa = PBXFileReference; lastKnownFileType = "compiled.mach-o.dylib"; path = libopencv_core.2.4.12.dylib; sourceTree = "<group>"; };
		3B313F511CD75889006AAC15 /* libopencv_highgui.2.4.12.dylib */ = {isa = PBXFileReference; lastKnownFileType = "compiled.mach-o.dylib"; path = libopencv_highgui.2.4.12.dylib; sourceTree = "<group>"; };
		3B6BE2AA1CD7B47C00DCFC02 /* Dataset.cpp */ = {isa = PBXFileReference; fileEncoding = 4; lastKnownFileType = sourcecode.cpp.cpp; path = Dataset.cpp; sourceTree = "<group>"; };
		3B6BE2AB1CD7B47C00DCFC02 /* Dataset.hpp */ = {isa = PBXFileReference; fileEncoding = 4; lastKnownFileType = sourcecode.cpp.h; path = Dataset.hpp; sourceTree = "<group>"; };
		3B6BE2AD1CD7B56D00DCFC02 /* ImageFeatures.cpp */ = {isa = PBXFileReference; fileEncoding = 4; lastKnownFileType = sourcecode.cpp.cpp; path = ImageFeatures.cpp; sourceTree = "<group>"; };
		3B6BE2AE1CD7B56D00DCFC02 /* ImageFeatures.hpp */ = {isa = PBXFileReference; fileEncoding = 4; lastKnownFileType = sourcecode.cpp.h; path = ImageFeatures.hpp; sourceTree = "<group>"; };
/* End PBXFileReference section */

/* Begin PBXFrameworksBuildPhase section */
		3B313F421CD75703006AAC15 /* Frameworks */ = {
			isa = PBXFrameworksBuildPhase;
			buildActionMask = 2147483647;
			files = (
				3B313F521CD75889006AAC15 /* libopencv_core.2.4.12.dylib in Frameworks */,
				3B313F531CD75889006AAC15 /* libopencv_highgui.2.4.12.dylib in Frameworks */,
			);
			runOnlyForDeploymentPostprocessing = 0;
		};
/* End PBXFrameworksBuildPhase section */

/* Begin PBXGroup section */
		3B313F3C1CD75702006AAC15 = {
			isa = PBXGroup;
			children = (
				3B313F4F1CD75855006AAC15 /* Lib */,
				3B313F471CD75703006AAC15 /* modularPD */,
				3B313F461CD75703006AAC15 /* Products */,
			);
			sourceTree = "<group>";
		};
		3B313F461CD75703006AAC15 /* Products */ = {
			isa = PBXGroup;
			children = (
				3B313F451CD75703006AAC15 /* modularPD */,
			);
			name = Products;
			sourceTree = "<group>";
		};
		3B313F471CD75703006AAC15 /* modularPD */ = {
			isa = PBXGroup;
			children = (
				3B313F481CD75703006AAC15 /* main.cpp */,
				3B6BE2AA1CD7B47C00DCFC02 /* Dataset.cpp */,
				3B6BE2AB1CD7B47C00DCFC02 /* Dataset.hpp */,
				3B6BE2AD1CD7B56D00DCFC02 /* ImageFeatures.cpp */,
				3B6BE2AE1CD7B56D00DCFC02 /* ImageFeatures.hpp */,
				3B12B0371CD94F3B00B257F4 /* FileUtils.cpp */,
				3B12B0381CD94F3B00B257F4 /* FileUtils.hpp */,
			);
			path = modularPD;
			sourceTree = "<group>";
		};
		3B313F4F1CD75855006AAC15 /* Lib */ = {
			isa = PBXGroup;
			children = (
				3B313F501CD75889006AAC15 /* libopencv_core.2.4.12.dylib */,
				3B313F511CD75889006AAC15 /* libopencv_highgui.2.4.12.dylib */,
			);
			name = Lib;
			sourceTree = "<group>";
		};
/* End PBXGroup section */

/* Begin PBXNativeTarget section */
		3B313F441CD75703006AAC15 /* modularPD */ = {
			isa = PBXNativeTarget;
			buildConfigurationList = 3B313F4C1CD75703006AAC15 /* Build configuration list for PBXNativeTarget "modularPD" */;
			buildPhases = (
				3B313F411CD75703006AAC15 /* Sources */,
				3B313F421CD75703006AAC15 /* Frameworks */,
				3B313F431CD75703006AAC15 /* CopyFiles */,
			);
			buildRules = (
			);
			dependencies = (
			);
			name = modularPD;
			productName = modularPD;
			productReference = 3B313F451CD75703006AAC15 /* modularPD */;
			productType = "com.apple.product-type.tool";
		};
/* End PBXNativeTarget section */

/* Begin PBXProject section */
		3B313F3D1CD75702006AAC15 /* Project object */ = {
			isa = PBXProject;
			attributes = {
				LastUpgradeCheck = 0730;
				ORGANIZATIONNAME = "Javier Fernandez Marques";
				TargetAttributes = {
					3B313F441CD75703006AAC15 = {
						CreatedOnToolsVersion = 7.3;
					};
				};
			};
			buildConfigurationList = 3B313F401CD75703006AAC15 /* Build configuration list for PBXProject "modularPD" */;
			compatibilityVersion = "Xcode 3.2";
			developmentRegion = English;
			hasScannedForEncodings = 0;
			knownRegions = (
				en,
			);
			mainGroup = 3B313F3C1CD75702006AAC15;
			productRefGroup = 3B313F461CD75703006AAC15 /* Products */;
			projectDirPath = "";
			projectRoot = "";
			targets = (
				3B313F441CD75703006AAC15 /* modularPD */,
			);
		};
/* End PBXProject section */

/* Begin PBXSourcesBuildPhase section */
		3B313F411CD75703006AAC15 /* Sources */ = {
			isa = PBXSourcesBuildPhase;
			buildActionMask = 2147483647;
			files = (
				3B6BE2AC1CD7B47C00DCFC02 /* Dataset.cpp in Sources */,
				3B6BE2AF1CD7B56D00DCFC02 /* ImageFeatures.cpp in Sources */,
				3B313F491CD75703006AAC15 /* main.cpp in Sources */,
				3B12B0391CD94F3B00B257F4 /* FileUtils.cpp in Sources */,
			);
			runOnlyForDeploymentPostprocessing = 0;
		};
/* End PBXSourcesBuildPhase section */

/* Begin XCBuildConfiguration section */
		3B313F4A1CD75703006AAC15 /* Debug */ = {
			isa = XCBuildConfiguration;
			buildSettings = {
				ALWAYS_SEARCH_USER_PATHS = NO;
				CLANG_ANALYZER_NONNULL = YES;
				CLANG_CXX_LANGUAGE_STANDARD = "gnu++0x";
				CLANG_CXX_LIBRARY = "libc++";
				CLANG_ENABLE_MODULES = YES;
				CLANG_ENABLE_OBJC_ARC = YES;
				CLANG_WARN_BOOL_CONVERSION = YES;
				CLANG_WARN_CONSTANT_CONVERSION = YES;
				CLANG_WARN_DIRECT_OBJC_ISA_USAGE = YES_ERROR;
				CLANG_WARN_EMPTY_BODY = YES;
				CLANG_WARN_ENUM_CONVERSION = YES;
				CLANG_WARN_INT_CONVERSION = YES;
				CLANG_WARN_OBJC_ROOT_CLASS = YES_ERROR;
				CLANG_WARN_UNREACHABLE_CODE = YES;
				CLANG_WARN__DUPLICATE_METHOD_MATCH = YES;
				CODE_SIGN_IDENTITY = "-";
				COPY_PHASE_STRIP = NO;
				DEBUG_INFORMATION_FORMAT = dwarf;
				ENABLE_STRICT_OBJC_MSGSEND = YES;
				ENABLE_TESTABILITY = YES;
				GCC_C_LANGUAGE_STANDARD = gnu99;
				GCC_DYNAMIC_NO_PIC = NO;
				GCC_NO_COMMON_BLOCKS = YES;
				GCC_OPTIMIZATION_LEVEL = 0;
				GCC_PREPROCESSOR_DEFINITIONS = (
					"DEBUG=1",
					"$(inherited)",
				);
				GCC_WARN_64_TO_32_BIT_CONVERSION = YES;
				GCC_WARN_ABOUT_RETURN_TYPE = YES_ERROR;
				GCC_WARN_UNDECLARED_SELECTOR = YES;
				GCC_WARN_UNINITIALIZED_AUTOS = YES_AGGRESSIVE;
				GCC_WARN_UNUSED_FUNCTION = YES;
				GCC_WARN_UNUSED_VARIABLE = YES;
				MACOSX_DEPLOYMENT_TARGET = 10.11;
				MTL_ENABLE_DEBUG_INFO = YES;
				ONLY_ACTIVE_ARCH = YES;
				SDKROOT = macosx;
			};
			name = Debug;
		};
		3B313F4B1CD75703006AAC15 /* Release */ = {
			isa = XCBuildConfiguration;
			buildSettings = {
				ALWAYS_SEARCH_USER_PATHS = NO;
				CLANG_ANALYZER_NONNULL = YES;
				CLANG_CXX_LANGUAGE_STANDARD = "gnu++0x";
				CLANG_CXX_LIBRARY = "libc++";
				CLANG_ENABLE_MODULES = YES;
				CLANG_ENABLE_OBJC_ARC = YES;
				CLANG_WARN_BOOL_CONVERSION = YES;
				CLANG_WARN_CONSTANT_CONVERSION = YES;
				CLANG_WARN_DIRECT_OBJC_ISA_USAGE = YES_ERROR;
				CLANG_WARN_EMPTY_BODY = YES;
				CLANG_WARN_ENUM_CONVERSION = YES;
				CLANG_WARN_INT_CONVERSION = YES;
				CLANG_WARN_OBJC_ROOT_CLASS = YES_ERROR;
				CLANG_WARN_UNREACHABLE_CODE = YES;
				CLANG_WARN__DUPLICATE_METHOD_MATCH = YES;
				CODE_SIGN_IDENTITY = "-";
				COPY_PHASE_STRIP = NO;
				DEBUG_INFORMATION_FORMAT = "dwarf-with-dsym";
				ENABLE_NS_ASSERTIONS = NO;
				ENABLE_STRICT_OBJC_MSGSEND = YES;
				GCC_C_LANGUAGE_STANDARD = gnu99;
				GCC_NO_COMMON_BLOCKS = YES;
				GCC_WARN_64_TO_32_BIT_CONVERSION = YES;
				GCC_WARN_ABOUT_RETURN_TYPE = YES_ERROR;
				GCC_WARN_UNDECLARED_SELECTOR = YES;
				GCC_WARN_UNINITIALIZED_AUTOS = YES_AGGRESSIVE;
				GCC_WARN_UNUSED_FUNCTION = YES;
				GCC_WARN_UNUSED_VARIABLE = YES;
				MACOSX_DEPLOYMENT_TARGET = 10.11;
				MTL_ENABLE_DEBUG_INFO = NO;
				SDKROOT = macosx;
			};
			name = Release;
		};
		3B313F4D1CD75703006AAC15 /* Debug */ = {
			isa = XCBuildConfiguration;
			buildSettings = {
				ALWAYS_SEARCH_USER_PATHS = YES;
				FRAMEWORK_SEARCH_PATHS = (
					/usr/local/Cellar/opencv/2.4.12/lib,
					/usr/local/Cellar/boost/1.60.0_2/lib,
				);
				HEADER_SEARCH_PATHS = (
					/usr/local/Cellar/opencv/2.4.12/include,
					/usr/local/Cellar/boost/1.60.0_2/include,
				);
				LIBRARY_SEARCH_PATHS = (
					/usr/local/Cellar/opencv/2.4.12/lib,
					/usr/local/Cellar/boost/1.60.0_2/lib,
				);
				PRODUCT_NAME = "$(TARGET_NAME)";
			};
			name = Debug;
		};
		3B313F4E1CD75703006AAC15 /* Release */ = {
			isa = XCBuildConfiguration;
			buildSettings = {
				ALWAYS_SEARCH_USER_PATHS = YES;
				FRAMEWORK_SEARCH_PATHS = (
					/usr/local/Cellar/opencv/2.4.12/lib,
					/usr/local/Cellar/boost/1.60.0_2/lib,
				);
				HEADER_SEARCH_PATHS = (
					/usr/local/Cellar/opencv/2.4.12/include,
					/usr/local/Cellar/boost/1.60.0_2/include,
				);
				LIBRARY_SEARCH_PATHS = (
					/usr/local/Cellar/opencv/2.4.12/lib,
					/usr/local/Cellar/boost/1.60.0_2/lib,
				);
				PRODUCT_NAME = "$(TARGET_NAME)";
			};
			name = Release;
		};
/* End XCBuildConfiguration section */

/* Begin XCConfigurationList section */
		3B313F401CD75703006AAC15 /* Build configuration list for PBXProject "modularPD" */ = {
			isa = XCConfigurationList;
			buildConfigurations = (
				3B313F4A1CD75703006AAC15 /* Debug */,
				3B313F4B1CD75703006AAC15 /* Release */,
			);
			defaultConfigurationIsVisible = 0;
			defaultConfigurationName = Release;
		};
		3B313F4C1CD75703006AAC15 /* Build configuration list for PBXNativeTarget "modularPD" */ = {
			isa = XCConfigurationList;
			buildConfigurations = (
				3B313F4D1CD75703006AAC15 /* Debug */,
				3B313F4E1CD75703006AAC15 /* Release */,
			);
			defaultConfigurationIsVisible = 0;
			defaultConfigurationName = Release;
		};
/* End XCConfigurationList section */
	};
	rootObject = 3B313F3D1CD75702006AAC15 /* Project object */;
}
